
Microsoft Visual Studio Solution File, Format Version 12.00
# Visual Studio Version 17
VisualStudioVersion = 17.6.33815.320
MinimumVisualStudioVersion = 10.0.40219.1
Project("{FAE04EC0-301F-11D3-BF4B-00C04F79EFBC}") = "FilmesApi", "FilmesApi\FilmesApi.csproj", "{1F041FC7-69FA-49FB-9595-75976835678D}"
EndProject
Global
	GlobalSection(SolutionConfigurationPlatforms) = preSolution
		Debug|Any CPU = Debug|Any CPU
		Release|Any CPU = Release|Any CPU
	EndGlobalSection
	GlobalSection(ProjectConfigurationPlatforms) = postSolution
		{1F041FC7-69FA-49FB-9595-75976835678D}.Debug|Any CPU.ActiveCfg = Debug|Any CPU
		{1F041FC7-69FA-49FB-9595-75976835678D}.Debug|Any CPU.Build.0 = Debug|Any CPU
		{1F041FC7-69FA-49FB-9595-75976835678D}.Release|Any CPU.ActiveCfg = Release|Any CPU
		{1F041FC7-69FA-49FB-9595-75976835678D}.Release|Any CPU.Build.0 = Release|Any CPU
	EndGlobalSection
	GlobalSection(SolutionProperties) = preSolution
		HideSolutionNode = FALSE
	EndGlobalSection
	GlobalSection(ExtensibilityGlobals) = postSolution
		SolutionGuid = {E6C3CDDE-F5CB-41AB-B95C-474F017B254A}
	EndGlobalSection
EndGlobal
